{
  "version": 4,
  "terraform_version": "1.12.2",
  "serial": 326,
  "lineage": "1eb2f4b2-8aed-8f7d-b37f-007d58f19e16",
  "outputs": {
    "docker_private_ip": {
      "value": "10.1.1.5",
      "type": "string"
    },
    "docker_public_ip": {
      "value": "134.149.74.29",
      "type": "string"
    },
    "jenkins_private_ip": {
      "value": "10.1.1.4",
      "type": "string"
    },
    "jenkins_public_ip": {
      "value": "134.149.25.125",
      "type": "string"
    },
    "jenkins_url": {
      "value": "http://134.149.25.125:8080",
      "type": "string"
    },
    "k8s_api_server": {
      "value": "https://40.68.227.73:6443",
      "type": "string"
    },
    "k8s_master_private_ip": {
      "value": "10.2.1.4",
      "type": "string"
    },
    "k8s_master_public_ip": {
      "value": "40.68.227.73",
      "type": "string"
    },
    "k8s_worker1_private_ip": {
      "value": "10.2.1.5",
      "type": "string"
    },
    "k8s_worker1_public_ip": {
      "value": "20.160.107.131",
      "type": "string"
    },
    "k8s_worker2_private_ip": {
      "value": "10.2.1.6",
      "type": "string"
    },
    "k8s_worker2_public_ip": {
      "value": "172.201.73.200",
      "type": "string"
    },
    "region_a_vnet_id": {
      "value": "/subscriptions/ca049879-c17b-4a2b-a969-2dc1aadbccf1/resourceGroups/rg-multiregion-devops/providers/Microsoft.Network/virtualNetworks/vnet-region-a",
      "type": "string"
    },
    "region_b_vnet_id": {
      "value": "/subscriptions/ca049879-c17b-4a2b-a969-2dc1aadbccf1/resourceGroups/rg-multiregion-devops/providers/Microsoft.Network/virtualNetworks/vnet-region-b",
      "type": "string"
    },
    "resource_group_location": {
      "value": "northeurope",
      "type": "string"
    },
    "resource_group_name": {
      "value": "rg-multiregion-devops",
      "type": "string"
    },
    "ssh_commands": {
      "value": {
        "docker": "ssh azureuser@134.149.74.29",
        "jenkins": "ssh azureuser@134.149.25.125",
        "k8s_master": "ssh azureuser@40.68.227.73",
        "k8s_worker1": "ssh azureuser@20.160.107.131",
        "k8s_worker2": "ssh azureuser@172.201.73.200"
      },
      "type": [
        "object",
        {
          "docker": "string",
          "jenkins": "string",
          "k8s_master": "string",
          "k8s_worker1": "string",
          "k8s_worker2": "string"
        }
      ]
    }
  },
  "resources": [
    {
      "mode": "managed",
      "type": "azurerm_resource_group",
      "name": "main",
      "provider": "provider[\"registry.terraform.io/hashicorp/azurerm\"]",
      "instances": [
        {
          "schema_version": 0,
          "attributes": {
            "id": "/subscriptions/ca049879-c17b-4a2b-a969-2dc1aadbccf1/resourceGroups/rg-multiregion-devops",
            "location": "northeurope",
            "managed_by": "",
            "name": "rg-multiregion-devops",
            "tags": {
              "Environment": "dev",
              "Project": "MultiRegion-DevOps"
            },
            "timeouts": null
          },
          "sensitive_attributes": [],
          "identity_schema_version": 0,
          "private": "eyJlMmJmYjczMC1lY2FhLTExZTYtOGY4OC0zNDM2M2JjN2M0YzAiOnsiY3JlYXRlIjo1NDAwMDAwMDAwMDAwLCJkZWxldGUiOjU0MDAwMDAwMDAwMDAsInJlYWQiOjMwMDAwMDAwMDAwMCwidXBkYXRlIjo1NDAwMDAwMDAwMDAwfX0="
        }
      ]
    },
    {
      "mode": "managed",
      "type": "azurerm_subnet_network_security_group_association",
      "name": "region_a",
      "provider": "provider[\"registry.terraform.io/hashicorp/azurerm\"]",
      "instances": [
        {
          "schema_version": 0,
          "attributes": {
            "id": "/subscriptions/ca049879-c17b-4a2b-a969-2dc1aadbccf1/resourceGroups/rg-multiregion-devops/providers/Microsoft.Network/virtualNetworks/vnet-region-a/subnets/subnet-devops",
            "network_security_group_id": "/subscriptions/ca049879-c17b-4a2b-a969-2dc1aadbccf1/resourceGroups/rg-multiregion-devops/providers/Microsoft.Network/networkSecurityGroups/nsg-region-a-devops",
            "subnet_id": "/subscriptions/ca049879-c17b-4a2b-a969-2dc1aadbccf1/resourceGroups/rg-multiregion-devops/providers/Microsoft.Network/virtualNetworks/vnet-region-a/subnets/subnet-devops",
            "timeouts": null
          },
          "sensitive_attributes": [],
          "identity_schema_version": 0,
          "private": "eyJlMmJmYjczMC1lY2FhLTExZTYtOGY4OC0zNDM2M2JjN2M0YzAiOnsiY3JlYXRlIjoxODAwMDAwMDAwMDAwLCJkZWxldGUiOjE4MDAwMDAwMDAwMDAsInJlYWQiOjMwMDAwMDAwMDAwMH19",
          "dependencies": [
            "azurerm_resource_group.main",
            "module.nsg_region_a.azurerm_network_security_group.main",
            "module.vnet_region_a.azurerm_subnet.main",
            "module.vnet_region_a.azurerm_virtual_network.main"
          ]
        }
      ]
    },
    {
      "mode": "managed",
      "type": "azurerm_subnet_network_security_group_association",
      "name": "region_b",
      "provider": "provider[\"registry.terraform.io/hashicorp/azurerm\"]",
      "instances": [
        {
          "schema_version": 0,
          "attributes": {
            "id": "/subscriptions/ca049879-c17b-4a2b-a969-2dc1aadbccf1/resourceGroups/rg-multiregion-devops/providers/Microsoft.Network/virtualNetworks/vnet-region-b/subnets/subnet-kubernetes",
            "network_security_group_id": "/subscriptions/ca049879-c17b-4a2b-a969-2dc1aadbccf1/resourceGroups/rg-multiregion-devops/providers/Microsoft.Network/networkSecurityGroups/nsg-region-b-k8s",
            "subnet_id": "/subscriptions/ca049879-c17b-4a2b-a969-2dc1aadbccf1/resourceGroups/rg-multiregion-devops/providers/Microsoft.Network/virtualNetworks/vnet-region-b/subnets/subnet-kubernetes",
            "timeouts": null
          },
          "sensitive_attributes": [],
          "identity_schema_version": 0,
          "private": "eyJlMmJmYjczMC1lY2FhLTExZTYtOGY4OC0zNDM2M2JjN2M0YzAiOnsiY3JlYXRlIjoxODAwMDAwMDAwMDAwLCJkZWxldGUiOjE4MDAwMDAwMDAwMDAsInJlYWQiOjMwMDAwMDAwMDAwMH19",
          "dependencies": [
            "azurerm_resource_group.main",
            "module.nsg_region_b.azurerm_network_security_group.main",
            "module.vnet_region_b.azurerm_subnet.main",
            "module.vnet_region_b.azurerm_virtual_network.main"
          ]
        }
      ]
    },
    {
      "module": "module.nsg_region_a",
      "mode": "managed",
      "type": "azurerm_network_security_group",
      "name": "main",
      "provider": "provider[\"registry.terraform.io/hashicorp/azurerm\"]",
      "instances": [
        {
          "schema_version": 0,
          "attributes": {
            "id": "/subscriptions/ca049879-c17b-4a2b-a969-2dc1aadbccf1/resourceGroups/rg-multiregion-devops/providers/Microsoft.Network/networkSecurityGroups/nsg-region-a-devops",
            "location": "northeurope",
            "name": "nsg-region-a-devops",
            "resource_group_name": "rg-multiregion-devops",
            "security_rule": [],
            "tags": {
              "Environment": "dev",
              "Region": "A"
            },
            "timeouts": null
          },
          "sensitive_attributes": [],
          "identity_schema_version": 0,
          "private": "eyJlMmJmYjczMC1lY2FhLTExZTYtOGY4OC0zNDM2M2JjN2M0YzAiOnsiY3JlYXRlIjoxODAwMDAwMDAwMDAwLCJkZWxldGUiOjE4MDAwMDAwMDAwMDAsInJlYWQiOjMwMDAwMDAwMDAwMCwidXBkYXRlIjoxODAwMDAwMDAwMDAwfX0=",
          "dependencies": [
            "azurerm_resource_group.main"
          ]
        }
      ]
    },
    {
      "module": "module.nsg_region_a",
      "mode": "managed",
      "type": "azurerm_network_security_rule",
      "name": "rules",
      "provider": "provider[\"registry.terraform.io/hashicorp/azurerm\"]",
      "instances": [
        {
          "index_key": 0,
          "schema_version": 0,
          "attributes": {
            "access": "Allow",
            "description": "",
            "destination_address_prefix": "*",
            "destination_address_prefixes": null,
            "destination_application_security_group_ids": null,
            "destination_port_range": "22",
            "destination_port_ranges": null,
            "direction": "Inbound",
            "id": "/subscriptions/ca049879-c17b-4a2b-a969-2dc1aadbccf1/resourceGroups/rg-multiregion-devops/providers/Microsoft.Network/networkSecurityGroups/nsg-region-a-devops/securityRules/SSH",
            "name": "SSH",
            "network_security_group_name": "nsg-region-a-devops",
            "priority": 1001,
            "protocol": "Tcp",
            "resource_group_name": "rg-multiregion-devops",
            "source_address_prefix": "*",
            "source_address_prefixes": null,
            "source_application_security_group_ids": null,
            "source_port_range": "*",
            "source_port_ranges": null,
            "timeouts": null
          },
          "sensitive_attributes": [],
          "identity_schema_version": 0,
          "private": "eyJlMmJmYjczMC1lY2FhLTExZTYtOGY4OC0zNDM2M2JjN2M0YzAiOnsiY3JlYXRlIjoxODAwMDAwMDAwMDAwLCJkZWxldGUiOjE4MDAwMDAwMDAwMDAsInJlYWQiOjMwMDAwMDAwMDAwMCwidXBkYXRlIjoxODAwMDAwMDAwMDAwfX0=",
          "dependencies": [
            "azurerm_resource_group.main",
            "module.nsg_region_a.azurerm_network_security_group.main"
          ]
        },
        {
          "index_key": 1,
          "schema_version": 0,
          "attributes": {
            "access": "Allow",
            "description": "",
            "destination_address_prefix": "*",
            "destination_address_prefixes": null,
            "destination_application_security_group_ids": null,
            "destination_port_range": "80",
            "destination_port_ranges": null,
            "direction": "Inbound",
            "id": "/subscriptions/ca049879-c17b-4a2b-a969-2dc1aadbccf1/resourceGroups/rg-multiregion-devops/providers/Microsoft.Network/networkSecurityGroups/nsg-region-a-devops/securityRules/HTTP",
            "name": "HTTP",
            "network_security_group_name": "nsg-region-a-devops",
            "priority": 1002,
            "protocol": "Tcp",
            "resource_group_name": "rg-multiregion-devops",
            "source_address_prefix": "*",
            "source_address_prefixes": null,
            "source_application_security_group_ids": null,
            "source_port_range": "*",
            "source_port_ranges": null,
            "timeouts": null
          },
          "sensitive_attributes": [],
          "identity_schema_version": 0,
          "private": "eyJlMmJmYjczMC1lY2FhLTExZTYtOGY4OC0zNDM2M2JjN2M0YzAiOnsiY3JlYXRlIjoxODAwMDAwMDAwMDAwLCJkZWxldGUiOjE4MDAwMDAwMDAwMDAsInJlYWQiOjMwMDAwMDAwMDAwMCwidXBkYXRlIjoxODAwMDAwMDAwMDAwfX0=",
          "dependencies": [
            "azurerm_resource_group.main",
            "module.nsg_region_a.azurerm_network_security_group.main"
          ]
        },
        {
          "index_key": 2,
          "schema_version": 0,
          "attributes": {
            "access": "Allow",
            "description": "",
            "destination_address_prefix": "*",
            "destination_address_prefixes": null,
            "destination_application_security_group_ids": null,
            "destination_port_range": "443",
            "destination_port_ranges": null,
            "direction": "Inbound",
            "id": "/subscriptions/ca049879-c17b-4a2b-a969-2dc1aadbccf1/resourceGroups/rg-multiregion-devops/providers/Microsoft.Network/networkSecurityGroups/nsg-region-a-devops/securityRules/HTTPS",
            "name": "HTTPS",
            "network_security_group_name": "nsg-region-a-devops",
            "priority": 1003,
            "protocol": "Tcp",
            "resource_group_name": "rg-multiregion-devops",
            "source_address_prefix": "*",
            "source_address_prefixes": null,
            "source_application_security_group_ids": null,
            "source_port_range": "*",
            "source_port_ranges": null,
            "timeouts": null
          },
          "sensitive_attributes": [],
          "identity_schema_version": 0,
          "private": "eyJlMmJmYjczMC1lY2FhLTExZTYtOGY4OC0zNDM2M2JjN2M0YzAiOnsiY3JlYXRlIjoxODAwMDAwMDAwMDAwLCJkZWxldGUiOjE4MDAwMDAwMDAwMDAsInJlYWQiOjMwMDAwMDAwMDAwMCwidXBkYXRlIjoxODAwMDAwMDAwMDAwfX0=",
          "dependencies": [
            "azurerm_resource_group.main",
            "module.nsg_region_a.azurerm_network_security_group.main"
          ]
        },
        {
          "index_key": 3,
          "schema_version": 0,
          "attributes": {
            "access": "Allow",
            "description": "",
            "destination_address_prefix": "*",
            "destination_address_prefixes": null,
            "destination_application_security_group_ids": null,
            "destination_port_range": "8080",
            "destination_port_ranges": null,
            "direction": "Inbound",
            "id": "/subscriptions/ca049879-c17b-4a2b-a969-2dc1aadbccf1/resourceGroups/rg-multiregion-devops/providers/Microsoft.Network/networkSecurityGroups/nsg-region-a-devops/securityRules/Jenkins",
            "name": "Jenkins",
            "network_security_group_name": "nsg-region-a-devops",
            "priority": 1004,
            "protocol": "Tcp",
            "resource_group_name": "rg-multiregion-devops",
            "source_address_prefix": "*",
            "source_address_prefixes": null,
            "source_application_security_group_ids": null,
            "source_port_range": "*",
            "source_port_ranges": null,
            "timeouts": null
          },
          "sensitive_attributes": [],
          "identity_schema_version": 0,
          "private": "eyJlMmJmYjczMC1lY2FhLTExZTYtOGY4OC0zNDM2M2JjN2M0YzAiOnsiY3JlYXRlIjoxODAwMDAwMDAwMDAwLCJkZWxldGUiOjE4MDAwMDAwMDAwMDAsInJlYWQiOjMwMDAwMDAwMDAwMCwidXBkYXRlIjoxODAwMDAwMDAwMDAwfX0=",
          "dependencies": [
            "azurerm_resource_group.main",
            "module.nsg_region_a.azurerm_network_security_group.main"
          ]
        },
        {
          "index_key": 4,
          "schema_version": 0,
          "attributes": {
            "access": "Allow",
            "description": "",
            "destination_address_prefix": "*",
            "destination_address_prefixes": null,
            "destination_application_security_group_ids": null,
            "destination_port_range": "9000",
            "destination_port_ranges": null,
            "direction": "Inbound",
            "id": "/subscriptions/ca049879-c17b-4a2b-a969-2dc1aadbccf1/resourceGroups/rg-multiregion-devops/providers/Microsoft.Network/networkSecurityGroups/nsg-region-a-devops/securityRules/SonarQube",
            "name": "SonarQube",
            "network_security_group_name": "nsg-region-a-devops",
            "priority": 1005,
            "protocol": "Tcp",
            "resource_group_name": "rg-multiregion-devops",
            "source_address_prefix": "*",
            "source_address_prefixes": null,
            "source_application_security_group_ids": null,
            "source_port_range": "*",
            "source_port_ranges": null,
            "timeouts": null
          },
          "sensitive_attributes": [],
          "identity_schema_version": 0,
          "private": "eyJlMmJmYjczMC1lY2FhLTExZTYtOGY4OC0zNDM2M2JjN2M0YzAiOnsiY3JlYXRlIjoxODAwMDAwMDAwMDAwLCJkZWxldGUiOjE4MDAwMDAwMDAwMDAsInJlYWQiOjMwMDAwMDAwMDAwMCwidXBkYXRlIjoxODAwMDAwMDAwMDAwfX0=",
          "dependencies": [
            "azurerm_resource_group.main",
            "module.nsg_region_a.azurerm_network_security_group.main"
          ]
        },
        {
          "index_key": 5,
          "schema_version": 0,
          "attributes": {
            "access": "Allow",
            "description": "",
            "destination_address_prefix": "*",
            "destination_address_prefixes": null,
            "destination_application_security_group_ids": null,
            "destination_port_range": "2376",
            "destination_port_ranges": null,
            "direction": "Inbound",
            "id": "/subscriptions/ca049879-c17b-4a2b-a969-2dc1aadbccf1/resourceGroups/rg-multiregion-devops/providers/Microsoft.Network/networkSecurityGroups/nsg-region-a-devops/securityRules/Docker",
            "name": "Docker",
            "network_security_group_name": "nsg-region-a-devops",
            "priority": 1006,
            "protocol": "Tcp",
            "resource_group_name": "rg-multiregion-devops",
            "source_address_prefix": "*",
            "source_address_prefixes": null,
            "source_application_security_group_ids": null,
            "source_port_range": "*",
            "source_port_ranges": null,
            "timeouts": null
          },
          "sensitive_attributes": [],
          "identity_schema_version": 0,
          "private": "eyJlMmJmYjczMC1lY2FhLTExZTYtOGY4OC0zNDM2M2JjN2M0YzAiOnsiY3JlYXRlIjoxODAwMDAwMDAwMDAwLCJkZWxldGUiOjE4MDAwMDAwMDAwMDAsInJlYWQiOjMwMDAwMDAwMDAwMCwidXBkYXRlIjoxODAwMDAwMDAwMDAwfX0=",
          "dependencies": [
            "azurerm_resource_group.main",
            "module.nsg_region_a.azurerm_network_security_group.main"
          ]
        }
      ]
    },
    {
      "module": "module.nsg_region_b",
      "mode": "managed",
      "type": "azurerm_network_security_group",
      "name": "main",
      "provider": "provider[\"registry.terraform.io/hashicorp/azurerm\"]",
      "instances": [
        {
          "schema_version": 0,
          "attributes": {
            "id": "/subscriptions/ca049879-c17b-4a2b-a969-2dc1aadbccf1/resourceGroups/rg-multiregion-devops/providers/Microsoft.Network/networkSecurityGroups/nsg-region-b-k8s",
            "location": "westeurope",
            "name": "nsg-region-b-k8s",
            "resource_group_name": "rg-multiregion-devops",
            "security_rule": [],
            "tags": {
              "Environment": "dev",
              "Region": "B"
            },
            "timeouts": null
          },
          "sensitive_attributes": [],
          "identity_schema_version": 0,
          "private": "eyJlMmJmYjczMC1lY2FhLTExZTYtOGY4OC0zNDM2M2JjN2M0YzAiOnsiY3JlYXRlIjoxODAwMDAwMDAwMDAwLCJkZWxldGUiOjE4MDAwMDAwMDAwMDAsInJlYWQiOjMwMDAwMDAwMDAwMCwidXBkYXRlIjoxODAwMDAwMDAwMDAwfX0=",
          "dependencies": [
            "azurerm_resource_group.main"
          ]
        }
      ]
    },
    {
      "module": "module.nsg_region_b",
      "mode": "managed",
      "type": "azurerm_network_security_rule",
      "name": "rules",
      "provider": "provider[\"registry.terraform.io/hashicorp/azurerm\"]",
      "instances": [
        {
          "index_key": 0,
          "schema_version": 0,
          "attributes": {
            "access": "Allow",
            "description": "",
            "destination_address_prefix": "*",
            "destination_address_prefixes": null,
            "destination_application_security_group_ids": null,
            "destination_port_range": "22",
            "destination_port_ranges": null,
            "direction": "Inbound",
            "id": "/subscriptions/ca049879-c17b-4a2b-a969-2dc1aadbccf1/resourceGroups/rg-multiregion-devops/providers/Microsoft.Network/networkSecurityGroups/nsg-region-b-k8s/securityRules/SSH",
            "name": "SSH",
            "network_security_group_name": "nsg-region-b-k8s",
            "priority": 1001,
            "protocol": "Tcp",
            "resource_group_name": "rg-multiregion-devops",
            "source_address_prefix": "*",
            "source_address_prefixes": null,
            "source_application_security_group_ids": null,
            "source_port_range": "*",
            "source_port_ranges": null,
            "timeouts": null
          },
          "sensitive_attributes": [],
          "identity_schema_version": 0,
          "private": "eyJlMmJmYjczMC1lY2FhLTExZTYtOGY4OC0zNDM2M2JjN2M0YzAiOnsiY3JlYXRlIjoxODAwMDAwMDAwMDAwLCJkZWxldGUiOjE4MDAwMDAwMDAwMDAsInJlYWQiOjMwMDAwMDAwMDAwMCwidXBkYXRlIjoxODAwMDAwMDAwMDAwfX0=",
          "dependencies": [
            "azurerm_resource_group.main",
            "module.nsg_region_b.azurerm_network_security_group.main"
          ]
        },
        {
          "index_key": 1,
          "schema_version": 0,
          "attributes": {
            "access": "Allow",
            "description": "",
            "destination_address_prefix": "*",
            "destination_address_prefixes": null,
            "destination_application_security_group_ids": null,
            "destination_port_range": "6443",
            "destination_port_ranges": null,
            "direction": "Inbound",
            "id": "/subscriptions/ca049879-c17b-4a2b-a969-2dc1aadbccf1/resourceGroups/rg-multiregion-devops/providers/Microsoft.Network/networkSecurityGroups/nsg-region-b-k8s/securityRules/KubernetesAPI",
            "name": "KubernetesAPI",
            "network_security_group_name": "nsg-region-b-k8s",
            "priority": 1002,
            "protocol": "Tcp",
            "resource_group_name": "rg-multiregion-devops",
            "source_address_prefix": "*",
            "source_address_prefixes": null,
            "source_application_security_group_ids": null,
            "source_port_range": "*",
            "source_port_ranges": null,
            "timeouts": null
          },
          "sensitive_attributes": [],
          "identity_schema_version": 0,
          "private": "eyJlMmJmYjczMC1lY2FhLTExZTYtOGY4OC0zNDM2M2JjN2M0YzAiOnsiY3JlYXRlIjoxODAwMDAwMDAwMDAwLCJkZWxldGUiOjE4MDAwMDAwMDAwMDAsInJlYWQiOjMwMDAwMDAwMDAwMCwidXBkYXRlIjoxODAwMDAwMDAwMDAwfX0=",
          "dependencies": [
            "azurerm_resource_group.main",
            "module.nsg_region_b.azurerm_network_security_group.main"
          ]
        },
        {
          "index_key": 2,
          "schema_version": 0,
          "attributes": {
            "access": "Allow",
            "description": "",
            "destination_address_prefix": "*",
            "destination_address_prefixes": null,
            "destination_application_security_group_ids": null,
            "destination_port_range": "10250",
            "destination_port_ranges": null,
            "direction": "Inbound",
            "id": "/subscriptions/ca049879-c17b-4a2b-a969-2dc1aadbccf1/resourceGroups/rg-multiregion-devops/providers/Microsoft.Network/networkSecurityGroups/nsg-region-b-k8s/securityRules/KubeletAPI",
            "name": "KubeletAPI",
            "network_security_group_name": "nsg-region-b-k8s",
            "priority": 1003,
            "protocol": "Tcp",
            "resource_group_name": "rg-multiregion-devops",
            "source_address_prefix": "10.2.0.0/16",
            "source_address_prefixes": null,
            "source_application_security_group_ids": null,
            "source_port_range": "*",
            "source_port_ranges": null,
            "timeouts": null
          },
          "sensitive_attributes": [],
          "identity_schema_version": 0,
          "private": "eyJlMmJmYjczMC1lY2FhLTExZTYtOGY4OC0zNDM2M2JjN2M0YzAiOnsiY3JlYXRlIjoxODAwMDAwMDAwMDAwLCJkZWxldGUiOjE4MDAwMDAwMDAwMDAsInJlYWQiOjMwMDAwMDAwMDAwMCwidXBkYXRlIjoxODAwMDAwMDAwMDAwfX0=",
          "dependencies": [
            "azurerm_resource_group.main",
            "module.nsg_region_b.azurerm_network_security_group.main"
          ]
        },
        {
          "index_key": 3,
          "schema_version": 0,
          "attributes": {
            "access": "Allow",
            "description": "",
            "destination_address_prefix": "*",
            "destination_address_prefixes": null,
            "destination_application_security_group_ids": null,
            "destination_port_range": "30000-32767",
            "destination_port_ranges": null,
            "direction": "Inbound",
            "id": "/subscriptions/ca049879-c17b-4a2b-a969-2dc1aadbccf1/resourceGroups/rg-multiregion-devops/providers/Microsoft.Network/networkSecurityGroups/nsg-region-b-k8s/securityRules/NodePortServices",
            "name": "NodePortServices",
            "network_security_group_name": "nsg-region-b-k8s",
            "priority": 1004,
            "protocol": "Tcp",
            "resource_group_name": "rg-multiregion-devops",
            "source_address_prefix": "*",
            "source_address_prefixes": null,
            "source_application_security_group_ids": null,
            "source_port_range": "*",
            "source_port_ranges": null,
            "timeouts": null
          },
          "sensitive_attributes": [],
          "identity_schema_version": 0,
          "private": "eyJlMmJmYjczMC1lY2FhLTExZTYtOGY4OC0zNDM2M2JjN2M0YzAiOnsiY3JlYXRlIjoxODAwMDAwMDAwMDAwLCJkZWxldGUiOjE4MDAwMDAwMDAwMDAsInJlYWQiOjMwMDAwMDAwMDAwMCwidXBkYXRlIjoxODAwMDAwMDAwMDAwfX0=",
          "dependencies": [
            "azurerm_resource_group.main",
            "module.nsg_region_b.azurerm_network_security_group.main"
          ]
        },
        {
          "index_key": 4,
          "schema_version": 0,
          "attributes": {
            "access": "Allow",
            "description": "",
            "destination_address_prefix": "*",
            "destination_address_prefixes": null,
            "destination_application_security_group_ids": null,
            "destination_port_range": "8472",
            "destination_port_ranges": null,
            "direction": "Inbound",
            "id": "/subscriptions/ca049879-c17b-4a2b-a969-2dc1aadbccf1/resourceGroups/rg-multiregion-devops/providers/Microsoft.Network/networkSecurityGroups/nsg-region-b-k8s/securityRules/FlannelOverlay",
            "name": "FlannelOverlay",
            "network_security_group_name": "nsg-region-b-k8s",
            "priority": 1005,
            "protocol": "Udp",
            "resource_group_name": "rg-multiregion-devops",
            "source_address_prefix": "10.2.0.0/16",
            "source_address_prefixes": null,
            "source_application_security_group_ids": null,
            "source_port_range": "*",
            "source_port_ranges": null,
            "timeouts": null
          },
          "sensitive_attributes": [],
          "identity_schema_version": 0,
          "private": "eyJlMmJmYjczMC1lY2FhLTExZTYtOGY4OC0zNDM2M2JjN2M0YzAiOnsiY3JlYXRlIjoxODAwMDAwMDAwMDAwLCJkZWxldGUiOjE4MDAwMDAwMDAwMDAsInJlYWQiOjMwMDAwMDAwMDAwMCwidXBkYXRlIjoxODAwMDAwMDAwMDAwfX0=",
          "dependencies": [
            "azurerm_resource_group.main",
            "module.nsg_region_b.azurerm_network_security_group.main"
          ]
        }
      ]
    },
    {
      "module": "module.vm_jenkins_agent",
      "mode": "managed",
      "type": "azurerm_linux_virtual_machine",
      "name": "main",
      "provider": "provider[\"registry.terraform.io/hashicorp/azurerm\"]",
      "instances": [
        {
          "schema_version": 0,
          "attributes": {
            "additional_capabilities": [],
            "admin_password": "Password123!",
            "admin_ssh_key": [],
            "admin_username": "azureuser",
            "allow_extension_operations": true,
            "availability_set_id": "",
            "boot_diagnostics": [],
            "bypass_platform_safety_checks_on_user_schedule_enabled": false,
            "capacity_reservation_group_id": "",
            "computer_name": "vm-jenkins-agent",
            "custom_data": null,
            "dedicated_host_group_id": "",
            "dedicated_host_id": "",
            "disable_password_authentication": false,
            "disk_controller_type": "SCSI",
            "edge_zone": "",
            "encryption_at_host_enabled": false,
            "eviction_policy": "",
            "extensions_time_budget": "PT1H30M",
            "gallery_application": [],
            "id": "/subscriptions/ca049879-c17b-4a2b-a969-2dc1aadbccf1/resourceGroups/rg-multiregion-devops/providers/Microsoft.Compute/virtualMachines/vm-jenkins-agent",
            "identity": [],
            "license_type": "",
            "location": "northeurope",
            "max_bid_price": -1,
            "name": "vm-jenkins-agent",
            "network_interface_ids": [
              "/subscriptions/ca049879-c17b-4a2b-a969-2dc1aadbccf1/resourceGroups/rg-multiregion-devops/providers/Microsoft.Network/networkInterfaces/vm-jenkins-agent-nic"
            ],
            "os_disk": [
              {
                "caching": "ReadWrite",
                "diff_disk_settings": [],
                "disk_encryption_set_id": "",
                "disk_size_gb": 30,
                "name": "vm-jenkins-agent_disk1_145b43be0e9a4a82ab6d5ffb083785cf",
                "secure_vm_disk_encryption_set_id": "",
                "security_encryption_type": "",
                "storage_account_type": "Standard_LRS",
                "write_accelerator_enabled": false
              }
            ],
            "os_image_notification": [],
            "patch_assessment_mode": "ImageDefault",
            "patch_mode": "ImageDefault",
            "plan": [],
            "platform_fault_domain": -1,
            "priority": "Regular",
            "private_ip_address": "10.1.1.4",
            "private_ip_addresses": [
              "10.1.1.4"
            ],
            "provision_vm_agent": true,
            "proximity_placement_group_id": "",
            "public_ip_address": "134.149.25.125",
            "public_ip_addresses": [
              "134.149.25.125"
            ],
            "reboot_setting": "",
            "resource_group_name": "rg-multiregion-devops",
            "secret": [],
            "secure_boot_enabled": false,
            "size": "Standard_B2ms",
            "source_image_id": "",
            "source_image_reference": [
              {
                "offer": "0001-com-ubuntu-server-jammy",
                "publisher": "Canonical",
                "sku": "22_04-lts-gen2",
                "version": "latest"
              }
            ],
            "tags": {
              "Environment": "dev",
              "Region": "A",
              "Role": "Jenkins-agent"
            },
            "termination_notification": null,
            "timeouts": null,
            "user_data": "",
            "virtual_machine_id": "6f4f5f72-b6d5-40ee-ba99-b90510c22c47",
            "virtual_machine_scale_set_id": "",
            "vm_agent_platform_updates_enabled": false,
            "vtpm_enabled": false,
            "zone": ""
          },
          "sensitive_attributes": [
            [
              {
                "type": "get_attr",
                "value": "admin_password"
              }
            ],
            [
              {
                "type": "get_attr",
                "value": "custom_data"
              }
            ]
          ],
          "identity_schema_version": 0,
          "private": "eyJlMmJmYjczMC1lY2FhLTExZTYtOGY4OC0zNDM2M2JjN2M0YzAiOnsiY3JlYXRlIjoyNzAwMDAwMDAwMDAwLCJkZWxldGUiOjI3MDAwMDAwMDAwMDAsInJlYWQiOjMwMDAwMDAwMDAwMCwidXBkYXRlIjoyNzAwMDAwMDAwMDAwfX0=",
          "dependencies": [
            "azurerm_resource_group.main",
            "module.vm_jenkins_agent.azurerm_network_interface.main",
            "module.vm_jenkins_agent.azurerm_public_ip.main",
            "module.vnet_region_a.azurerm_subnet.main",
            "module.vnet_region_a.azurerm_virtual_network.main"
          ]
        }
      ]
    },
    {
      "module": "module.vm_jenkins_agent",
      "mode": "managed",
      "type": "azurerm_network_interface",
      "name": "main",
      "provider": "provider[\"registry.terraform.io/hashicorp/azurerm\"]",
      "instances": [
        {
          "schema_version": 0,
          "attributes": {
            "accelerated_networking_enabled": false,
            "applied_dns_servers": [],
            "auxiliary_mode": "",
            "auxiliary_sku": "",
            "dns_servers": [],
            "edge_zone": "",
            "enable_accelerated_networking": false,
            "enable_ip_forwarding": false,
            "id": "/subscriptions/ca049879-c17b-4a2b-a969-2dc1aadbccf1/resourceGroups/rg-multiregion-devops/providers/Microsoft.Network/networkInterfaces/vm-jenkins-agent-nic",
            "internal_dns_name_label": "",
            "internal_domain_name_suffix": "qmuvvfoehjbupi5otpof2px2re.fx.internal.cloudapp.net",
            "ip_configuration": [
              {
                "gateway_load_balancer_frontend_ip_configuration_id": "",
                "name": "internal",
                "primary": true,
                "private_ip_address": "10.1.1.4",
                "private_ip_address_allocation": "Dynamic",
                "private_ip_address_version": "IPv4",
                "public_ip_address_id": "/subscriptions/ca049879-c17b-4a2b-a969-2dc1aadbccf1/resourceGroups/rg-multiregion-devops/providers/Microsoft.Network/publicIPAddresses/vm-jenkins-agent-pip",
                "subnet_id": "/subscriptions/ca049879-c17b-4a2b-a969-2dc1aadbccf1/resourceGroups/rg-multiregion-devops/providers/Microsoft.Network/virtualNetworks/vnet-region-a/subnets/subnet-devops"
              }
            ],
            "ip_forwarding_enabled": false,
            "location": "northeurope",
            "mac_address": "",
            "name": "vm-jenkins-agent-nic",
            "private_ip_address": "10.1.1.4",
            "private_ip_addresses": [
              "10.1.1.4"
            ],
            "resource_group_name": "rg-multiregion-devops",
            "tags": {
              "Environment": "dev",
              "Region": "A",
              "Role": "Jenkins-agent"
            },
            "timeouts": null,
            "virtual_machine_id": ""
          },
          "sensitive_attributes": [],
          "identity_schema_version": 0,
          "private": "eyJlMmJmYjczMC1lY2FhLTExZTYtOGY4OC0zNDM2M2JjN2M0YzAiOnsiY3JlYXRlIjoxODAwMDAwMDAwMDAwLCJkZWxldGUiOjE4MDAwMDAwMDAwMDAsInJlYWQiOjMwMDAwMDAwMDAwMCwidXBkYXRlIjoxODAwMDAwMDAwMDAwfX0=",
          "dependencies": [
            "azurerm_resource_group.main",
            "module.vm_jenkins_agent.azurerm_public_ip.main",
            "module.vnet_region_a.azurerm_subnet.main",
            "module.vnet_region_a.azurerm_virtual_network.main"
          ]
        }
      ]
    },
    {
      "module": "module.vm_jenkins_agent",
      "mode": "managed",
      "type": "azurerm_public_ip",
      "name": "main",
      "provider": "provider[\"registry.terraform.io/hashicorp/azurerm\"]",
      "instances": [
        {
          "schema_version": 0,
          "attributes": {
            "allocation_method": "Static",
            "ddos_protection_mode": "VirtualNetworkInherited",
            "ddos_protection_plan_id": null,
            "domain_name_label": null,
            "edge_zone": "",
            "fqdn": null,
            "id": "/subscriptions/ca049879-c17b-4a2b-a969-2dc1aadbccf1/resourceGroups/rg-multiregion-devops/providers/Microsoft.Network/publicIPAddresses/vm-jenkins-agent-pip",
            "idle_timeout_in_minutes": 4,
            "ip_address": "134.149.25.125",
            "ip_tags": null,
            "ip_version": "IPv4",
            "location": "northeurope",
            "name": "vm-jenkins-agent-pip",
            "public_ip_prefix_id": null,
            "resource_group_name": "rg-multiregion-devops",
            "reverse_fqdn": null,
            "sku": "Standard",
            "sku_tier": "Regional",
            "tags": {
              "Environment": "dev",
              "Region": "A",
              "Role": "Jenkins-agent"
            },
            "timeouts": null,
            "zones": null
          },
          "sensitive_attributes": [],
          "identity_schema_version": 0,
          "private": "eyJlMmJmYjczMC1lY2FhLTExZTYtOGY4OC0zNDM2M2JjN2M0YzAiOnsiY3JlYXRlIjoxODAwMDAwMDAwMDAwLCJkZWxldGUiOjE4MDAwMDAwMDAwMDAsInJlYWQiOjMwMDAwMDAwMDAwMCwidXBkYXRlIjoxODAwMDAwMDAwMDAwfX0=",
          "dependencies": [
            "azurerm_resource_group.main"
          ]
        }
      ]
    },
    {
      "module": "module.vm_jenkins_master",
      "mode": "managed",
      "type": "azurerm_linux_virtual_machine",
      "name": "main",
      "provider": "provider[\"registry.terraform.io/hashicorp/azurerm\"]",
      "instances": [
        {
          "schema_version": 0,
          "attributes": {
            "additional_capabilities": [],
            "admin_password": "Password123!",
            "admin_ssh_key": [],
            "admin_username": "azureuser",
            "allow_extension_operations": true,
            "availability_set_id": "",
            "boot_diagnostics": [],
            "bypass_platform_safety_checks_on_user_schedule_enabled": false,
            "capacity_reservation_group_id": "",
            "computer_name": "vm-jenkins-master",
            "custom_data": null,
            "dedicated_host_group_id": "",
            "dedicated_host_id": "",
            "disable_password_authentication": false,
            "disk_controller_type": "SCSI",
            "edge_zone": "",
            "encryption_at_host_enabled": false,
            "eviction_policy": "",
            "extensions_time_budget": "PT1H30M",
            "gallery_application": [],
            "id": "/subscriptions/ca049879-c17b-4a2b-a969-2dc1aadbccf1/resourceGroups/rg-multiregion-devops/providers/Microsoft.Compute/virtualMachines/vm-jenkins-master",
            "identity": [],
            "license_type": "",
            "location": "northeurope",
            "max_bid_price": -1,
            "name": "vm-jenkins-master",
            "network_interface_ids": [
              "/subscriptions/ca049879-c17b-4a2b-a969-2dc1aadbccf1/resourceGroups/rg-multiregion-devops/providers/Microsoft.Network/networkInterfaces/vm-jenkins-master-nic"
            ],
            "os_disk": [
              {
                "caching": "ReadWrite",
                "diff_disk_settings": [],
                "disk_encryption_set_id": "",
                "disk_size_gb": 30,
                "name": "vm-jenkins-master_disk1_1446ee4ad1a248819c14c46cb69c70fa",
                "secure_vm_disk_encryption_set_id": "",
                "security_encryption_type": "",
                "storage_account_type": "Standard_LRS",
                "write_accelerator_enabled": false
              }
            ],
            "os_image_notification": [],
            "patch_assessment_mode": "ImageDefault",
            "patch_mode": "ImageDefault",
            "plan": [],
            "platform_fault_domain": -1,
            "priority": "Regular",
            "private_ip_address": "10.1.1.5",
            "private_ip_addresses": [
              "10.1.1.5"
            ],
            "provision_vm_agent": true,
            "proximity_placement_group_id": "",
            "public_ip_address": "134.149.74.29",
            "public_ip_addresses": [
              "134.149.74.29"
            ],
            "reboot_setting": "",
            "resource_group_name": "rg-multiregion-devops",
            "secret": [],
            "secure_boot_enabled": false,
            "size": "Standard_B2s",
            "source_image_id": "",
            "source_image_reference": [
              {
                "offer": "0001-com-ubuntu-server-jammy",
                "publisher": "Canonical",
                "sku": "22_04-lts-gen2",
                "version": "latest"
              }
            ],
            "tags": {
              "Environment": "dev",
              "Region": "A",
              "Role": "jenkins-master"
            },
            "termination_notification": null,
            "timeouts": null,
            "user_data": "",
            "virtual_machine_id": "710029df-b751-4220-b1ff-a69b1feba5da",
            "virtual_machine_scale_set_id": "",
            "vm_agent_platform_updates_enabled": false,
            "vtpm_enabled": false,
            "zone": ""
          },
          "sensitive_attributes": [
            [
              {
                "type": "get_attr",
                "value": "admin_password"
              }
            ],
            [
              {
                "type": "get_attr",
                "value": "custom_data"
              }
            ]
          ],
          "identity_schema_version": 0,
          "private": "eyJlMmJmYjczMC1lY2FhLTExZTYtOGY4OC0zNDM2M2JjN2M0YzAiOnsiY3JlYXRlIjoyNzAwMDAwMDAwMDAwLCJkZWxldGUiOjI3MDAwMDAwMDAwMDAsInJlYWQiOjMwMDAwMDAwMDAwMCwidXBkYXRlIjoyNzAwMDAwMDAwMDAwfX0=",
          "dependencies": [
            "azurerm_resource_group.main",
            "module.vm_jenkins_master.azurerm_network_interface.main",
            "module.vm_jenkins_master.azurerm_public_ip.main",
            "module.vnet_region_a.azurerm_subnet.main",
            "module.vnet_region_a.azurerm_virtual_network.main"
          ]
        }
      ]
    },
    {
      "module": "module.vm_jenkins_master",
      "mode": "managed",
      "type": "azurerm_network_interface",
      "name": "main",
      "provider": "provider[\"registry.terraform.io/hashicorp/azurerm\"]",
      "instances": [
        {
          "schema_version": 0,
          "attributes": {
            "accelerated_networking_enabled": false,
            "applied_dns_servers": [],
            "auxiliary_mode": "",
            "auxiliary_sku": "",
            "dns_servers": [],
            "edge_zone": "",
            "enable_accelerated_networking": false,
            "enable_ip_forwarding": false,
            "id": "/subscriptions/ca049879-c17b-4a2b-a969-2dc1aadbccf1/resourceGroups/rg-multiregion-devops/providers/Microsoft.Network/networkInterfaces/vm-jenkins-master-nic",
            "internal_dns_name_label": "",
            "internal_domain_name_suffix": "qmuvvfoehjbupi5otpof2px2re.fx.internal.cloudapp.net",
            "ip_configuration": [
              {
                "gateway_load_balancer_frontend_ip_configuration_id": "",
                "name": "internal",
                "primary": true,
                "private_ip_address": "10.1.1.5",
                "private_ip_address_allocation": "Dynamic",
                "private_ip_address_version": "IPv4",
                "public_ip_address_id": "/subscriptions/ca049879-c17b-4a2b-a969-2dc1aadbccf1/resourceGroups/rg-multiregion-devops/providers/Microsoft.Network/publicIPAddresses/vm-jenkins-master-pip",
                "subnet_id": "/subscriptions/ca049879-c17b-4a2b-a969-2dc1aadbccf1/resourceGroups/rg-multiregion-devops/providers/Microsoft.Network/virtualNetworks/vnet-region-a/subnets/subnet-devops"
              }
            ],
            "ip_forwarding_enabled": false,
            "location": "northeurope",
            "mac_address": "",
            "name": "vm-jenkins-master-nic",
            "private_ip_address": "10.1.1.5",
            "private_ip_addresses": [
              "10.1.1.5"
            ],
            "resource_group_name": "rg-multiregion-devops",
            "tags": {
              "Environment": "dev",
              "Region": "A",
              "Role": "jenkins-master"
            },
            "timeouts": null,
            "virtual_machine_id": ""
          },
          "sensitive_attributes": [],
          "identity_schema_version": 0,
          "private": "eyJlMmJmYjczMC1lY2FhLTExZTYtOGY4OC0zNDM2M2JjN2M0YzAiOnsiY3JlYXRlIjoxODAwMDAwMDAwMDAwLCJkZWxldGUiOjE4MDAwMDAwMDAwMDAsInJlYWQiOjMwMDAwMDAwMDAwMCwidXBkYXRlIjoxODAwMDAwMDAwMDAwfX0=",
          "dependencies": [
            "azurerm_resource_group.main",
            "module.vm_jenkins_master.azurerm_public_ip.main",
            "module.vnet_region_a.azurerm_subnet.main",
            "module.vnet_region_a.azurerm_virtual_network.main"
          ]
        }
      ]
    },
    {
      "module": "module.vm_jenkins_master",
      "mode": "managed",
      "type": "azurerm_public_ip",
      "name": "main",
      "provider": "provider[\"registry.terraform.io/hashicorp/azurerm\"]",
      "instances": [
        {
          "schema_version": 0,
          "attributes": {
            "allocation_method": "Static",
            "ddos_protection_mode": "VirtualNetworkInherited",
            "ddos_protection_plan_id": null,
            "domain_name_label": null,
            "edge_zone": "",
            "fqdn": null,
            "id": "/subscriptions/ca049879-c17b-4a2b-a969-2dc1aadbccf1/resourceGroups/rg-multiregion-devops/providers/Microsoft.Network/publicIPAddresses/vm-jenkins-master-pip",
            "idle_timeout_in_minutes": 4,
            "ip_address": "134.149.74.29",
            "ip_tags": null,
            "ip_version": "IPv4",
            "location": "northeurope",
            "name": "vm-jenkins-master-pip",
            "public_ip_prefix_id": null,
            "resource_group_name": "rg-multiregion-devops",
            "reverse_fqdn": null,
            "sku": "Standard",
            "sku_tier": "Regional",
            "tags": {
              "Environment": "dev",
              "Region": "A",
              "Role": "jenkins-master"
            },
            "timeouts": null,
            "zones": null
          },
          "sensitive_attributes": [],
          "identity_schema_version": 0,
          "private": "eyJlMmJmYjczMC1lY2FhLTExZTYtOGY4OC0zNDM2M2JjN2M0YzAiOnsiY3JlYXRlIjoxODAwMDAwMDAwMDAwLCJkZWxldGUiOjE4MDAwMDAwMDAwMDAsInJlYWQiOjMwMDAwMDAwMDAwMCwidXBkYXRlIjoxODAwMDAwMDAwMDAwfX0=",
          "dependencies": [
            "azurerm_resource_group.main"
          ]
        }
      ]
    },
    {
      "module": "module.vm_k8s_master",
      "mode": "managed",
      "type": "azurerm_linux_virtual_machine",
      "name": "main",
      "provider": "provider[\"registry.terraform.io/hashicorp/azurerm\"]",
      "instances": [
        {
          "schema_version": 0,
          "attributes": {
            "additional_capabilities": [],
            "admin_password": "Password123!",
            "admin_ssh_key": [],
            "admin_username": "azureuser",
            "allow_extension_operations": true,
            "availability_set_id": "",
            "boot_diagnostics": [],
            "bypass_platform_safety_checks_on_user_schedule_enabled": false,
            "capacity_reservation_group_id": "",
            "computer_name": "vm-k8s-master",
            "custom_data": null,
            "dedicated_host_group_id": "",
            "dedicated_host_id": "",
            "disable_password_authentication": false,
            "disk_controller_type": "SCSI",
            "edge_zone": "",
            "encryption_at_host_enabled": false,
            "eviction_policy": "",
            "extensions_time_budget": "PT1H30M",
            "gallery_application": [],
            "id": "/subscriptions/ca049879-c17b-4a2b-a969-2dc1aadbccf1/resourceGroups/rg-multiregion-devops/providers/Microsoft.Compute/virtualMachines/vm-k8s-master",
            "identity": [],
            "license_type": "",
            "location": "westeurope",
            "max_bid_price": -1,
            "name": "vm-k8s-master",
            "network_interface_ids": [
              "/subscriptions/ca049879-c17b-4a2b-a969-2dc1aadbccf1/resourceGroups/rg-multiregion-devops/providers/Microsoft.Network/networkInterfaces/vm-k8s-master-nic"
            ],
            "os_disk": [
              {
                "caching": "ReadWrite",
                "diff_disk_settings": [],
                "disk_encryption_set_id": "",
                "disk_size_gb": 30,
                "name": "vm-k8s-master_disk1_bfff2e39ae20499e90c1293cb263e322",
                "secure_vm_disk_encryption_set_id": "",
                "security_encryption_type": "",
                "storage_account_type": "Standard_LRS",
                "write_accelerator_enabled": false
              }
            ],
            "os_image_notification": [],
            "patch_assessment_mode": "ImageDefault",
            "patch_mode": "ImageDefault",
            "plan": [],
            "platform_fault_domain": -1,
            "priority": "Regular",
            "private_ip_address": "10.2.1.4",
            "private_ip_addresses": [
              "10.2.1.4"
            ],
            "provision_vm_agent": true,
            "proximity_placement_group_id": "",
            "public_ip_address": "40.68.227.73",
            "public_ip_addresses": [
              "40.68.227.73"
            ],
            "reboot_setting": "",
            "resource_group_name": "rg-multiregion-devops",
            "secret": [],
            "secure_boot_enabled": false,
            "size": "Standard_B2s",
            "source_image_id": "",
            "source_image_reference": [
              {
                "offer": "0001-com-ubuntu-server-jammy",
                "publisher": "Canonical",
                "sku": "22_04-lts-gen2",
                "version": "latest"
              }
            ],
            "tags": {
              "Environment": "dev",
              "Region": "B",
              "Role": "K8s-Master"
            },
            "termination_notification": null,
            "timeouts": null,
            "user_data": "",
            "virtual_machine_id": "f7954884-f469-429c-a187-396f8d7ba177",
            "virtual_machine_scale_set_id": "",
            "vm_agent_platform_updates_enabled": false,
            "vtpm_enabled": false,
            "zone": ""
          },
          "sensitive_attributes": [
            [
              {
                "type": "get_attr",
                "value": "admin_password"
              }
            ],
            [
              {
                "type": "get_attr",
                "value": "custom_data"
              }
            ]
          ],
          "identity_schema_version": 0,
          "private": "eyJlMmJmYjczMC1lY2FhLTExZTYtOGY4OC0zNDM2M2JjN2M0YzAiOnsiY3JlYXRlIjoyNzAwMDAwMDAwMDAwLCJkZWxldGUiOjI3MDAwMDAwMDAwMDAsInJlYWQiOjMwMDAwMDAwMDAwMCwidXBkYXRlIjoyNzAwMDAwMDAwMDAwfX0=",
          "dependencies": [
            "azurerm_resource_group.main",
            "module.vm_k8s_master.azurerm_network_interface.main",
            "module.vm_k8s_master.azurerm_public_ip.main",
            "module.vnet_region_b.azurerm_subnet.main",
            "module.vnet_region_b.azurerm_virtual_network.main"
          ]
        }
      ]
    },
    {
      "module": "module.vm_k8s_master",
      "mode": "managed",
      "type": "azurerm_network_interface",
      "name": "main",
      "provider": "provider[\"registry.terraform.io/hashicorp/azurerm\"]",
      "instances": [
        {
          "schema_version": 0,
          "attributes": {
            "accelerated_networking_enabled": false,
            "applied_dns_servers": [],
            "auxiliary_mode": "",
            "auxiliary_sku": "",
            "dns_servers": [],
            "edge_zone": "",
            "enable_accelerated_networking": false,
            "enable_ip_forwarding": false,
            "id": "/subscriptions/ca049879-c17b-4a2b-a969-2dc1aadbccf1/resourceGroups/rg-multiregion-devops/providers/Microsoft.Network/networkInterfaces/vm-k8s-master-nic",
            "internal_dns_name_label": "",
            "internal_domain_name_suffix": "b55ni2y0qwdenbwqirgv1ttkrg.ax.internal.cloudapp.net",
            "ip_configuration": [
              {
                "gateway_load_balancer_frontend_ip_configuration_id": "",
                "name": "internal",
                "primary": true,
                "private_ip_address": "10.2.1.4",
                "private_ip_address_allocation": "Dynamic",
                "private_ip_address_version": "IPv4",
                "public_ip_address_id": "/subscriptions/ca049879-c17b-4a2b-a969-2dc1aadbccf1/resourceGroups/rg-multiregion-devops/providers/Microsoft.Network/publicIPAddresses/vm-k8s-master-pip",
                "subnet_id": "/subscriptions/ca049879-c17b-4a2b-a969-2dc1aadbccf1/resourceGroups/rg-multiregion-devops/providers/Microsoft.Network/virtualNetworks/vnet-region-b/subnets/subnet-kubernetes"
              }
            ],
            "ip_forwarding_enabled": false,
            "location": "westeurope",
            "mac_address": "",
            "name": "vm-k8s-master-nic",
            "private_ip_address": "10.2.1.4",
            "private_ip_addresses": [
              "10.2.1.4"
            ],
            "resource_group_name": "rg-multiregion-devops",
            "tags": {
              "Environment": "dev",
              "Region": "B",
              "Role": "K8s-Master"
            },
            "timeouts": null,
            "virtual_machine_id": ""
          },
          "sensitive_attributes": [],
          "identity_schema_version": 0,
          "private": "eyJlMmJmYjczMC1lY2FhLTExZTYtOGY4OC0zNDM2M2JjN2M0YzAiOnsiY3JlYXRlIjoxODAwMDAwMDAwMDAwLCJkZWxldGUiOjE4MDAwMDAwMDAwMDAsInJlYWQiOjMwMDAwMDAwMDAwMCwidXBkYXRlIjoxODAwMDAwMDAwMDAwfX0=",
          "dependencies": [
            "azurerm_resource_group.main",
            "module.vm_k8s_master.azurerm_public_ip.main",
            "module.vnet_region_b.azurerm_subnet.main",
            "module.vnet_region_b.azurerm_virtual_network.main"
          ]
        }
      ]
    },
    {
      "module": "module.vm_k8s_master",
      "mode": "managed",
      "type": "azurerm_public_ip",
      "name": "main",
      "provider": "provider[\"registry.terraform.io/hashicorp/azurerm\"]",
      "instances": [
        {
          "schema_version": 0,
          "attributes": {
            "allocation_method": "Static",
            "ddos_protection_mode": "VirtualNetworkInherited",
            "ddos_protection_plan_id": null,
            "domain_name_label": null,
            "edge_zone": "",
            "fqdn": null,
            "id": "/subscriptions/ca049879-c17b-4a2b-a969-2dc1aadbccf1/resourceGroups/rg-multiregion-devops/providers/Microsoft.Network/publicIPAddresses/vm-k8s-master-pip",
            "idle_timeout_in_minutes": 4,
            "ip_address": "40.68.227.73",
            "ip_tags": null,
            "ip_version": "IPv4",
            "location": "westeurope",
            "name": "vm-k8s-master-pip",
            "public_ip_prefix_id": null,
            "resource_group_name": "rg-multiregion-devops",
            "reverse_fqdn": null,
            "sku": "Standard",
            "sku_tier": "Regional",
            "tags": {
              "Environment": "dev",
              "Region": "B",
              "Role": "K8s-Master"
            },
            "timeouts": null,
            "zones": null
          },
          "sensitive_attributes": [],
          "identity_schema_version": 0,
          "private": "eyJlMmJmYjczMC1lY2FhLTExZTYtOGY4OC0zNDM2M2JjN2M0YzAiOnsiY3JlYXRlIjoxODAwMDAwMDAwMDAwLCJkZWxldGUiOjE4MDAwMDAwMDAwMDAsInJlYWQiOjMwMDAwMDAwMDAwMCwidXBkYXRlIjoxODAwMDAwMDAwMDAwfX0=",
          "dependencies": [
            "azurerm_resource_group.main"
          ]
        }
      ]
    },
    {
      "module": "module.vm_k8s_worker1",
      "mode": "managed",
      "type": "azurerm_linux_virtual_machine",
      "name": "main",
      "provider": "provider[\"registry.terraform.io/hashicorp/azurerm\"]",
      "instances": [
        {
          "schema_version": 0,
          "attributes": {
            "additional_capabilities": [],
            "admin_password": "Password123!",
            "admin_ssh_key": [],
            "admin_username": "azureuser",
            "allow_extension_operations": true,
            "availability_set_id": "",
            "boot_diagnostics": [],
            "bypass_platform_safety_checks_on_user_schedule_enabled": false,
            "capacity_reservation_group_id": "",
            "computer_name": "vm-k8s-worker1",
            "custom_data": null,
            "dedicated_host_group_id": "",
            "dedicated_host_id": "",
            "disable_password_authentication": false,
            "disk_controller_type": "SCSI",
            "edge_zone": "",
            "encryption_at_host_enabled": false,
            "eviction_policy": "",
            "extensions_time_budget": "PT1H30M",
            "gallery_application": [],
            "id": "/subscriptions/ca049879-c17b-4a2b-a969-2dc1aadbccf1/resourceGroups/rg-multiregion-devops/providers/Microsoft.Compute/virtualMachines/vm-k8s-worker1",
            "identity": [],
            "license_type": "",
            "location": "westeurope",
            "max_bid_price": -1,
            "name": "vm-k8s-worker1",
            "network_interface_ids": [
              "/subscriptions/ca049879-c17b-4a2b-a969-2dc1aadbccf1/resourceGroups/rg-multiregion-devops/providers/Microsoft.Network/networkInterfaces/vm-k8s-worker1-nic"
            ],
            "os_disk": [
              {
                "caching": "ReadWrite",
                "diff_disk_settings": [],
                "disk_encryption_set_id": "",
                "disk_size_gb": 30,
                "name": "vm-k8s-worker1_disk1_93bf8426c984405bb16d2cf92f38434b",
                "secure_vm_disk_encryption_set_id": "",
                "security_encryption_type": "",
                "storage_account_type": "Standard_LRS",
                "write_accelerator_enabled": false
              }
            ],
            "os_image_notification": [],
            "patch_assessment_mode": "ImageDefault",
            "patch_mode": "ImageDefault",
            "plan": [],
            "platform_fault_domain": -1,
            "priority": "Regular",
            "private_ip_address": "10.2.1.5",
            "private_ip_addresses": [
              "10.2.1.5"
            ],
            "provision_vm_agent": true,
            "proximity_placement_group_id": "",
            "public_ip_address": "20.160.107.131",
            "public_ip_addresses": [
              "20.160.107.131"
            ],
            "reboot_setting": "",
            "resource_group_name": "rg-multiregion-devops",
            "secret": [],
            "secure_boot_enabled": false,
            "size": "Standard_B1s",
            "source_image_id": "",
            "source_image_reference": [
              {
                "offer": "0001-com-ubuntu-server-jammy",
                "publisher": "Canonical",
                "sku": "22_04-lts-gen2",
                "version": "latest"
              }
            ],
            "tags": {
              "Environment": "dev",
              "Region": "B",
              "Role": "K8s-Worker1"
            },
            "termination_notification": null,
            "timeouts": null,
            "user_data": "",
            "virtual_machine_id": "c9acfbe8-9fca-4e52-811f-ea687f3bfed5",
            "virtual_machine_scale_set_id": "",
            "vm_agent_platform_updates_enabled": false,
            "vtpm_enabled": false,
            "zone": ""
          },
          "sensitive_attributes": [
            [
              {
                "type": "get_attr",
                "value": "admin_password"
              }
            ],
            [
              {
                "type": "get_attr",
                "value": "custom_data"
              }
            ]
          ],
          "identity_schema_version": 0,
          "private": "eyJlMmJmYjczMC1lY2FhLTExZTYtOGY4OC0zNDM2M2JjN2M0YzAiOnsiY3JlYXRlIjoyNzAwMDAwMDAwMDAwLCJkZWxldGUiOjI3MDAwMDAwMDAwMDAsInJlYWQiOjMwMDAwMDAwMDAwMCwidXBkYXRlIjoyNzAwMDAwMDAwMDAwfX0=",
          "dependencies": [
            "azurerm_resource_group.main",
            "module.vm_k8s_worker1.azurerm_network_interface.main",
            "module.vm_k8s_worker1.azurerm_public_ip.main",
            "module.vnet_region_b.azurerm_subnet.main",
            "module.vnet_region_b.azurerm_virtual_network.main"
          ]
        }
      ]
    },
    {
      "module": "module.vm_k8s_worker1",
      "mode": "managed",
      "type": "azurerm_network_interface",
      "name": "main",
      "provider": "provider[\"registry.terraform.io/hashicorp/azurerm\"]",
      "instances": [
        {
          "schema_version": 0,
          "attributes": {
            "accelerated_networking_enabled": false,
            "applied_dns_servers": [],
            "auxiliary_mode": "",
            "auxiliary_sku": "",
            "dns_servers": [],
            "edge_zone": "",
            "enable_accelerated_networking": false,
            "enable_ip_forwarding": false,
            "id": "/subscriptions/ca049879-c17b-4a2b-a969-2dc1aadbccf1/resourceGroups/rg-multiregion-devops/providers/Microsoft.Network/networkInterfaces/vm-k8s-worker1-nic",
            "internal_dns_name_label": "",
            "internal_domain_name_suffix": "b55ni2y0qwdenbwqirgv1ttkrg.ax.internal.cloudapp.net",
            "ip_configuration": [
              {
                "gateway_load_balancer_frontend_ip_configuration_id": "",
                "name": "internal",
                "primary": true,
                "private_ip_address": "10.2.1.5",
                "private_ip_address_allocation": "Dynamic",
                "private_ip_address_version": "IPv4",
                "public_ip_address_id": "/subscriptions/ca049879-c17b-4a2b-a969-2dc1aadbccf1/resourceGroups/rg-multiregion-devops/providers/Microsoft.Network/publicIPAddresses/vm-k8s-worker1-pip",
                "subnet_id": "/subscriptions/ca049879-c17b-4a2b-a969-2dc1aadbccf1/resourceGroups/rg-multiregion-devops/providers/Microsoft.Network/virtualNetworks/vnet-region-b/subnets/subnet-kubernetes"
              }
            ],
            "ip_forwarding_enabled": false,
            "location": "westeurope",
            "mac_address": "",
            "name": "vm-k8s-worker1-nic",
            "private_ip_address": "10.2.1.5",
            "private_ip_addresses": [
              "10.2.1.5"
            ],
            "resource_group_name": "rg-multiregion-devops",
            "tags": {
              "Environment": "dev",
              "Region": "B",
              "Role": "K8s-Worker1"
            },
            "timeouts": null,
            "virtual_machine_id": ""
          },
          "sensitive_attributes": [],
          "identity_schema_version": 0,
          "private": "eyJlMmJmYjczMC1lY2FhLTExZTYtOGY4OC0zNDM2M2JjN2M0YzAiOnsiY3JlYXRlIjoxODAwMDAwMDAwMDAwLCJkZWxldGUiOjE4MDAwMDAwMDAwMDAsInJlYWQiOjMwMDAwMDAwMDAwMCwidXBkYXRlIjoxODAwMDAwMDAwMDAwfX0=",
          "dependencies": [
            "azurerm_resource_group.main",
            "module.vm_k8s_worker1.azurerm_public_ip.main",
            "module.vnet_region_b.azurerm_subnet.main",
            "module.vnet_region_b.azurerm_virtual_network.main"
          ]
        }
      ]
    },
    {
      "module": "module.vm_k8s_worker1",
      "mode": "managed",
      "type": "azurerm_public_ip",
      "name": "main",
      "provider": "provider[\"registry.terraform.io/hashicorp/azurerm\"]",
      "instances": [
        {
          "schema_version": 0,
          "attributes": {
            "allocation_method": "Static",
            "ddos_protection_mode": "VirtualNetworkInherited",
            "ddos_protection_plan_id": null,
            "domain_name_label": null,
            "edge_zone": "",
            "fqdn": null,
            "id": "/subscriptions/ca049879-c17b-4a2b-a969-2dc1aadbccf1/resourceGroups/rg-multiregion-devops/providers/Microsoft.Network/publicIPAddresses/vm-k8s-worker1-pip",
            "idle_timeout_in_minutes": 4,
            "ip_address": "20.160.107.131",
            "ip_tags": null,
            "ip_version": "IPv4",
            "location": "westeurope",
            "name": "vm-k8s-worker1-pip",
            "public_ip_prefix_id": null,
            "resource_group_name": "rg-multiregion-devops",
            "reverse_fqdn": null,
            "sku": "Standard",
            "sku_tier": "Regional",
            "tags": {
              "Environment": "dev",
              "Region": "B",
              "Role": "K8s-Worker1"
            },
            "timeouts": null,
            "zones": null
          },
          "sensitive_attributes": [],
          "identity_schema_version": 0,
          "private": "eyJlMmJmYjczMC1lY2FhLTExZTYtOGY4OC0zNDM2M2JjN2M0YzAiOnsiY3JlYXRlIjoxODAwMDAwMDAwMDAwLCJkZWxldGUiOjE4MDAwMDAwMDAwMDAsInJlYWQiOjMwMDAwMDAwMDAwMCwidXBkYXRlIjoxODAwMDAwMDAwMDAwfX0=",
          "dependencies": [
            "azurerm_resource_group.main"
          ]
        }
      ]
    },
    {
      "module": "module.vm_k8s_worker2",
      "mode": "managed",
      "type": "azurerm_linux_virtual_machine",
      "name": "main",
      "provider": "provider[\"registry.terraform.io/hashicorp/azurerm\"]",
      "instances": [
        {
          "schema_version": 0,
          "attributes": {
            "additional_capabilities": [],
            "admin_password": "Password123!",
            "admin_ssh_key": [],
            "admin_username": "azureuser",
            "allow_extension_operations": true,
            "availability_set_id": "",
            "boot_diagnostics": [],
            "bypass_platform_safety_checks_on_user_schedule_enabled": false,
            "capacity_reservation_group_id": "",
            "computer_name": "vm-k8s-worker2",
            "custom_data": null,
            "dedicated_host_group_id": "",
            "dedicated_host_id": "",
            "disable_password_authentication": false,
            "disk_controller_type": "SCSI",
            "edge_zone": "",
            "encryption_at_host_enabled": false,
            "eviction_policy": "",
            "extensions_time_budget": "PT1H30M",
            "gallery_application": [],
            "id": "/subscriptions/ca049879-c17b-4a2b-a969-2dc1aadbccf1/resourceGroups/rg-multiregion-devops/providers/Microsoft.Compute/virtualMachines/vm-k8s-worker2",
            "identity": [],
            "license_type": "",
            "location": "westeurope",
            "max_bid_price": -1,
            "name": "vm-k8s-worker2",
            "network_interface_ids": [
              "/subscriptions/ca049879-c17b-4a2b-a969-2dc1aadbccf1/resourceGroups/rg-multiregion-devops/providers/Microsoft.Network/networkInterfaces/vm-k8s-worker2-nic"
            ],
            "os_disk": [
              {
                "caching": "ReadWrite",
                "diff_disk_settings": [],
                "disk_encryption_set_id": "",
                "disk_size_gb": 30,
                "name": "vm-k8s-worker2_disk1_01d502d2104944568cb29b1dff32d592",
                "secure_vm_disk_encryption_set_id": "",
                "security_encryption_type": "",
                "storage_account_type": "Standard_LRS",
                "write_accelerator_enabled": false
              }
            ],
            "os_image_notification": [],
            "patch_assessment_mode": "ImageDefault",
            "patch_mode": "ImageDefault",
            "plan": [],
            "platform_fault_domain": -1,
            "priority": "Regular",
            "private_ip_address": "10.2.1.6",
            "private_ip_addresses": [
              "10.2.1.6"
            ],
            "provision_vm_agent": true,
            "proximity_placement_group_id": "",
            "public_ip_address": "172.201.73.200",
            "public_ip_addresses": [
              "172.201.73.200"
            ],
            "reboot_setting": "",
            "resource_group_name": "rg-multiregion-devops",
            "secret": [],
            "secure_boot_enabled": false,
            "size": "Standard_B1s",
            "source_image_id": "",
            "source_image_reference": [
              {
                "offer": "0001-com-ubuntu-server-jammy",
                "publisher": "Canonical",
                "sku": "22_04-lts-gen2",
                "version": "latest"
              }
            ],
            "tags": {
              "Environment": "dev",
              "Region": "B",
              "Role": "K8s-Worker2"
            },
            "termination_notification": null,
            "timeouts": null,
            "user_data": "",
            "virtual_machine_id": "b6bb7c7b-9f30-4c88-9fac-fd443881ea88",
            "virtual_machine_scale_set_id": "",
            "vm_agent_platform_updates_enabled": false,
            "vtpm_enabled": false,
            "zone": ""
          },
          "sensitive_attributes": [
            [
              {
                "type": "get_attr",
                "value": "admin_password"
              }
            ],
            [
              {
                "type": "get_attr",
                "value": "custom_data"
              }
            ]
          ],
          "identity_schema_version": 0,
          "private": "eyJlMmJmYjczMC1lY2FhLTExZTYtOGY4OC0zNDM2M2JjN2M0YzAiOnsiY3JlYXRlIjoyNzAwMDAwMDAwMDAwLCJkZWxldGUiOjI3MDAwMDAwMDAwMDAsInJlYWQiOjMwMDAwMDAwMDAwMCwidXBkYXRlIjoyNzAwMDAwMDAwMDAwfX0=",
          "dependencies": [
            "azurerm_resource_group.main",
            "module.vm_k8s_worker2.azurerm_network_interface.main",
            "module.vm_k8s_worker2.azurerm_public_ip.main",
            "module.vnet_region_b.azurerm_subnet.main",
            "module.vnet_region_b.azurerm_virtual_network.main"
          ]
        }
      ]
    },
    {
      "module": "module.vm_k8s_worker2",
      "mode": "managed",
      "type": "azurerm_network_interface",
      "name": "main",
      "provider": "provider[\"registry.terraform.io/hashicorp/azurerm\"]",
      "instances": [
        {
          "schema_version": 0,
          "attributes": {
            "accelerated_networking_enabled": false,
            "applied_dns_servers": [],
            "auxiliary_mode": "",
            "auxiliary_sku": "",
            "dns_servers": [],
            "edge_zone": "",
            "enable_accelerated_networking": false,
            "enable_ip_forwarding": false,
            "id": "/subscriptions/ca049879-c17b-4a2b-a969-2dc1aadbccf1/resourceGroups/rg-multiregion-devops/providers/Microsoft.Network/networkInterfaces/vm-k8s-worker2-nic",
            "internal_dns_name_label": "",
            "internal_domain_name_suffix": "b55ni2y0qwdenbwqirgv1ttkrg.ax.internal.cloudapp.net",
            "ip_configuration": [
              {
                "gateway_load_balancer_frontend_ip_configuration_id": "",
                "name": "internal",
                "primary": true,
                "private_ip_address": "10.2.1.6",
                "private_ip_address_allocation": "Dynamic",
                "private_ip_address_version": "IPv4",
                "public_ip_address_id": "/subscriptions/ca049879-c17b-4a2b-a969-2dc1aadbccf1/resourceGroups/rg-multiregion-devops/providers/Microsoft.Network/publicIPAddresses/vm-k8s-worker2-pip",
                "subnet_id": "/subscriptions/ca049879-c17b-4a2b-a969-2dc1aadbccf1/resourceGroups/rg-multiregion-devops/providers/Microsoft.Network/virtualNetworks/vnet-region-b/subnets/subnet-kubernetes"
              }
            ],
            "ip_forwarding_enabled": false,
            "location": "westeurope",
            "mac_address": "",
            "name": "vm-k8s-worker2-nic",
            "private_ip_address": "10.2.1.6",
            "private_ip_addresses": [
              "10.2.1.6"
            ],
            "resource_group_name": "rg-multiregion-devops",
            "tags": {
              "Environment": "dev",
              "Region": "B",
              "Role": "K8s-Worker2"
            },
            "timeouts": null,
            "virtual_machine_id": ""
          },
          "sensitive_attributes": [],
          "identity_schema_version": 0,
          "private": "eyJlMmJmYjczMC1lY2FhLTExZTYtOGY4OC0zNDM2M2JjN2M0YzAiOnsiY3JlYXRlIjoxODAwMDAwMDAwMDAwLCJkZWxldGUiOjE4MDAwMDAwMDAwMDAsInJlYWQiOjMwMDAwMDAwMDAwMCwidXBkYXRlIjoxODAwMDAwMDAwMDAwfX0=",
          "dependencies": [
            "azurerm_resource_group.main",
            "module.vm_k8s_worker2.azurerm_public_ip.main",
            "module.vnet_region_b.azurerm_subnet.main",
            "module.vnet_region_b.azurerm_virtual_network.main"
          ]
        }
      ]
    },
    {
      "module": "module.vm_k8s_worker2",
      "mode": "managed",
      "type": "azurerm_public_ip",
      "name": "main",
      "provider": "provider[\"registry.terraform.io/hashicorp/azurerm\"]",
      "instances": [
        {
          "schema_version": 0,
          "attributes": {
            "allocation_method": "Static",
            "ddos_protection_mode": "VirtualNetworkInherited",
            "ddos_protection_plan_id": null,
            "domain_name_label": null,
            "edge_zone": "",
            "fqdn": null,
            "id": "/subscriptions/ca049879-c17b-4a2b-a969-2dc1aadbccf1/resourceGroups/rg-multiregion-devops/providers/Microsoft.Network/publicIPAddresses/vm-k8s-worker2-pip",
            "idle_timeout_in_minutes": 4,
            "ip_address": "172.201.73.200",
            "ip_tags": null,
            "ip_version": "IPv4",
            "location": "westeurope",
            "name": "vm-k8s-worker2-pip",
            "public_ip_prefix_id": null,
            "resource_group_name": "rg-multiregion-devops",
            "reverse_fqdn": null,
            "sku": "Standard",
            "sku_tier": "Regional",
            "tags": {
              "Environment": "dev",
              "Region": "B",
              "Role": "K8s-Worker2"
            },
            "timeouts": null,
            "zones": null
          },
          "sensitive_attributes": [],
          "identity_schema_version": 0,
          "private": "eyJlMmJmYjczMC1lY2FhLTExZTYtOGY4OC0zNDM2M2JjN2M0YzAiOnsiY3JlYXRlIjoxODAwMDAwMDAwMDAwLCJkZWxldGUiOjE4MDAwMDAwMDAwMDAsInJlYWQiOjMwMDAwMDAwMDAwMCwidXBkYXRlIjoxODAwMDAwMDAwMDAwfX0=",
          "dependencies": [
            "azurerm_resource_group.main"
          ]
        }
      ]
    },
    {
      "module": "module.vnet_region_a",
      "mode": "managed",
      "type": "azurerm_subnet",
      "name": "main",
      "provider": "provider[\"registry.terraform.io/hashicorp/azurerm\"]",
      "instances": [
        {
          "schema_version": 0,
          "attributes": {
            "address_prefixes": [
              "10.1.1.0/24"
            ],
            "default_outbound_access_enabled": true,
            "delegation": [],
            "enforce_private_link_endpoint_network_policies": false,
            "enforce_private_link_service_network_policies": false,
            "id": "/subscriptions/ca049879-c17b-4a2b-a969-2dc1aadbccf1/resourceGroups/rg-multiregion-devops/providers/Microsoft.Network/virtualNetworks/vnet-region-a/subnets/subnet-devops",
            "name": "subnet-devops",
            "private_endpoint_network_policies": "Enabled",
            "private_endpoint_network_policies_enabled": true,
            "private_link_service_network_policies_enabled": true,
            "resource_group_name": "rg-multiregion-devops",
            "service_endpoint_policy_ids": null,
            "service_endpoints": null,
            "timeouts": null,
            "virtual_network_name": "vnet-region-a"
          },
          "sensitive_attributes": [],
          "identity_schema_version": 0,
          "private": "eyJlMmJmYjczMC1lY2FhLTExZTYtOGY4OC0zNDM2M2JjN2M0YzAiOnsiY3JlYXRlIjoxODAwMDAwMDAwMDAwLCJkZWxldGUiOjE4MDAwMDAwMDAwMDAsInJlYWQiOjMwMDAwMDAwMDAwMCwidXBkYXRlIjoxODAwMDAwMDAwMDAwfX0=",
          "dependencies": [
            "azurerm_resource_group.main",
            "module.vnet_region_a.azurerm_virtual_network.main"
          ]
        }
      ]
    },
    {
      "module": "module.vnet_region_a",
      "mode": "managed",
      "type": "azurerm_virtual_network",
      "name": "main",
      "provider": "provider[\"registry.terraform.io/hashicorp/azurerm\"]",
      "instances": [
        {
          "schema_version": 0,
          "attributes": {
            "address_space": [
              "10.1.0.0/16"
            ],
            "bgp_community": "",
            "ddos_protection_plan": [],
            "dns_servers": [],
            "edge_zone": "",
            "encryption": [],
            "flow_timeout_in_minutes": 0,
            "guid": "955a2983-3ac4-4743-a3ee-9bdc5e3efc8c",
            "id": "/subscriptions/ca049879-c17b-4a2b-a969-2dc1aadbccf1/resourceGroups/rg-multiregion-devops/providers/Microsoft.Network/virtualNetworks/vnet-region-a",
            "location": "northeurope",
            "name": "vnet-region-a",
            "resource_group_name": "rg-multiregion-devops",
            "subnet": [],
            "tags": {
              "Environment": "dev",
              "Region": "A"
            },
            "timeouts": null
          },
          "sensitive_attributes": [],
          "identity_schema_version": 0,
          "private": "eyJlMmJmYjczMC1lY2FhLTExZTYtOGY4OC0zNDM2M2JjN2M0YzAiOnsiY3JlYXRlIjoxODAwMDAwMDAwMDAwLCJkZWxldGUiOjE4MDAwMDAwMDAwMDAsInJlYWQiOjMwMDAwMDAwMDAwMCwidXBkYXRlIjoxODAwMDAwMDAwMDAwfX0=",
          "dependencies": [
            "azurerm_resource_group.main"
          ]
        }
      ]
    },
    {
      "module": "module.vnet_region_b",
      "mode": "managed",
      "type": "azurerm_subnet",
      "name": "main",
      "provider": "provider[\"registry.terraform.io/hashicorp/azurerm\"]",
      "instances": [
        {
          "schema_version": 0,
          "attributes": {
            "address_prefixes": [
              "10.2.1.0/24"
            ],
            "default_outbound_access_enabled": true,
            "delegation": [],
            "enforce_private_link_endpoint_network_policies": false,
            "enforce_private_link_service_network_policies": false,
            "id": "/subscriptions/ca049879-c17b-4a2b-a969-2dc1aadbccf1/resourceGroups/rg-multiregion-devops/providers/Microsoft.Network/virtualNetworks/vnet-region-b/subnets/subnet-kubernetes",
            "name": "subnet-kubernetes",
            "private_endpoint_network_policies": "Enabled",
            "private_endpoint_network_policies_enabled": true,
            "private_link_service_network_policies_enabled": true,
            "resource_group_name": "rg-multiregion-devops",
            "service_endpoint_policy_ids": null,
            "service_endpoints": null,
            "timeouts": null,
            "virtual_network_name": "vnet-region-b"
          },
          "sensitive_attributes": [],
          "identity_schema_version": 0,
          "private": "eyJlMmJmYjczMC1lY2FhLTExZTYtOGY4OC0zNDM2M2JjN2M0YzAiOnsiY3JlYXRlIjoxODAwMDAwMDAwMDAwLCJkZWxldGUiOjE4MDAwMDAwMDAwMDAsInJlYWQiOjMwMDAwMDAwMDAwMCwidXBkYXRlIjoxODAwMDAwMDAwMDAwfX0=",
          "dependencies": [
            "azurerm_resource_group.main",
            "module.vnet_region_b.azurerm_virtual_network.main"
          ]
        }
      ]
    },
    {
      "module": "module.vnet_region_b",
      "mode": "managed",
      "type": "azurerm_virtual_network",
      "name": "main",
      "provider": "provider[\"registry.terraform.io/hashicorp/azurerm\"]",
      "instances": [
        {
          "schema_version": 0,
          "attributes": {
            "address_space": [
              "10.2.0.0/16"
            ],
            "bgp_community": "",
            "ddos_protection_plan": [],
            "dns_servers": [],
            "edge_zone": "",
            "encryption": [],
            "flow_timeout_in_minutes": 0,
            "guid": "73d4fe0f-851a-4686-86d0-444d5dce6a8e",
            "id": "/subscriptions/ca049879-c17b-4a2b-a969-2dc1aadbccf1/resourceGroups/rg-multiregion-devops/providers/Microsoft.Network/virtualNetworks/vnet-region-b",
            "location": "westeurope",
            "name": "vnet-region-b",
            "resource_group_name": "rg-multiregion-devops",
            "subnet": [],
            "tags": {
              "Environment": "dev",
              "Region": "B"
            },
            "timeouts": null
          },
          "sensitive_attributes": [],
          "identity_schema_version": 0,
          "private": "eyJlMmJmYjczMC1lY2FhLTExZTYtOGY4OC0zNDM2M2JjN2M0YzAiOnsiY3JlYXRlIjoxODAwMDAwMDAwMDAwLCJkZWxldGUiOjE4MDAwMDAwMDAwMDAsInJlYWQiOjMwMDAwMDAwMDAwMCwidXBkYXRlIjoxODAwMDAwMDAwMDAwfX0=",
          "dependencies": [
            "azurerm_resource_group.main"
          ]
        }
      ]
    }
  ],
  "check_results": [
    {
      "object_kind": "var",
      "config_addr": "var.admin_password",
      "status": "pass",
      "objects": [
        {
          "object_addr": "var.admin_password",
          "status": "pass"
        }
      ]
    }
  ]
}
